
Microsoft Visual Studio Solution File, Format Version 12.00
# Visual Studio 2013
VisualStudioVersion = 12.0.30723.0
MinimumVisualStudioVersion = 10.0.40219.1
Project("{FAE04EC0-301F-11D3-BF4B-00C04F79EFBC}") = "RestAPI", "RestAPI\RestAPI.csproj", "{707A2DEE-4F5B-4F5A-9DA4-771806C07191}"
EndProject
Project("{FAE04EC0-301F-11D3-BF4B-00C04F79EFBC}") = "RestAPI.Tests", "RestAPI.Tests\RestAPI.Tests.csproj", "{03D1C930-7EA9-435B-89FA-CCF5608BC9EA}"
EndProject
Global
	GlobalSection(SolutionConfigurationPlatforms) = preSolution
		Debug|Any CPU = Debug|Any CPU
		Release|Any CPU = Release|Any CPU
	EndGlobalSection
	GlobalSection(ProjectConfigurationPlatforms) = postSolution
		{707A2DEE-4F5B-4F5A-9DA4-771806C07191}.Debug|Any CPU.ActiveCfg = Debug|Any CPU
		{707A2DEE-4F5B-4F5A-9DA4-771806C07191}.Debug|Any CPU.Build.0 = Debug|Any CPU
		{707A2DEE-4F5B-4F5A-9DA4-771806C07191}.Release|Any CPU.ActiveCfg = Release|Any CPU
		{707A2DEE-4F5B-4F5A-9DA4-771806C07191}.Release|Any CPU.Build.0 = Release|Any CPU
		{03D1C930-7EA9-435B-89FA-CCF5608BC9EA}.Debug|Any CPU.ActiveCfg = Debug|Any CPU
		{03D1C930-7EA9-435B-89FA-CCF5608BC9EA}.Debug|Any CPU.Build.0 = Debug|Any CPU
		{03D1C930-7EA9-435B-89FA-CCF5608BC9EA}.Release|Any CPU.ActiveCfg = Release|Any CPU
		{03D1C930-7EA9-435B-89FA-CCF5608BC9EA}.Release|Any CPU.Build.0 = Release|Any CPU
	EndGlobalSection
	GlobalSection(SolutionProperties) = preSolution
		HideSolutionNode = FALSE
	EndGlobalSection
EndGlobal
